{
  "version": 4,
  "terraform_version": "1.8.4",
  "serial": 1861,
  "lineage": "8aa2a254-c04c-0c43-aa3c-486011e1d7b1",
  "outputs": {},
  "resources": [
    {
      "module": "module.S3_Bucket",
      "mode": "managed",
      "type": "aws_s3_bucket",
      "name": "ACPC-S3-acpc-global",
      "provider": "provider[\"registry.terraform.io/hashicorp/aws\"]",
      "instances": [
        {
          "schema_version": 0,
          "attributes": {
            "acceleration_status": "",
            "acl": null,
            "arn": "arn:aws:s3:::acpcs3.acpc.global",
            "bucket": "acpcs3.acpc.global",
            "bucket_domain_name": "acpcs3.acpc.global.s3.amazonaws.com",
            "bucket_prefix": "",
            "bucket_regional_domain_name": "acpcs3.acpc.global.s3.eu-central-1.amazonaws.com",
            "cors_rule": [],
            "force_destroy": false,
            "grant": [
              {
                "id": "29e70a7b0a1afdeaa3c393e53ad3592f3b4371e8a338351a17e2af3a8da8bc5b",
                "permissions": [
                  "FULL_CONTROL"
                ],
                "type": "CanonicalUser",
                "uri": ""
              }
            ],
            "hosted_zone_id": "Z21DNDUVLTQW6Q",
            "id": "acpcs3.acpc.global",
            "lifecycle_rule": [],
            "logging": [],
            "object_lock_configuration": [],
            "object_lock_enabled": false,
            "policy": "",
            "region": "eu-central-1",
            "replication_configuration": [],
            "request_payer": "BucketOwner",
            "server_side_encryption_configuration": [
              {
                "rule": [
                  {
                    "apply_server_side_encryption_by_default": [
                      {
                        "kms_master_key_id": "",
                        "sse_algorithm": "AES256"
                      }
                    ],
                    "bucket_key_enabled": false
                  }
                ]
              }
            ],
            "tags": {
              "Name": "acpcs3.acpc.global"
            },
            "tags_all": {
              "Name": "acpcs3.acpc.global"
            },
            "timeouts": null,
            "versioning": [
              {
                "enabled": false,
                "mfa_delete": false
              }
            ],
            "website": [],
            "website_domain": "s3-website.eu-central-1.amazonaws.com",
            "website_endpoint": "acpcs3.acpc.global.s3-website.eu-central-1.amazonaws.com"
          },
          "sensitive_attributes": [],
          "private": "eyJlMmJmYjczMC1lY2FhLTExZTYtOGY4OC0zNDM2M2JjN2M0YzAiOnsiY3JlYXRlIjoxMjAwMDAwMDAwMDAwLCJkZWxldGUiOjM2MDAwMDAwMDAwMDAsInJlYWQiOjEyMDAwMDAwMDAwMDAsInVwZGF0ZSI6MTIwMDAwMDAwMDAwMH19"
        }
      ]
    }
  ],
  "check_results": null
}
